lockfileVersion: '9.0'

settings:
  autoInstallPeers: true
  excludeLinksFromLockfile: false

importers:

  .:
    dependencies:
      faker:
        specifier: ^5.5.3
        version: 5.5.3

packages:

  faker@5.5.3:
    resolution: {integrity: sha512-wLTv2a28wjUyWkbnX7u/ABZBkUkIF2fCd73V6P2oFqEGEktDfzWx4UxrSqtPRw0xPRAcjeAOIiJWqZm3pP4u3g==}

snapshots:

  faker@5.5.3: {}
